// !$*UTF8*$!
{
	archiveVersion = 1;
	classes = {
	};
	objectVersion = 50;
	objects = {

/* Begin PBXBuildFile section */
		674415B026B51FF10087BA61 /* PartnerDetail.storyboard in Resources */ = {isa = PBXBuildFile; fileRef = 674415AF26B51FF10087BA61 /* PartnerDetail.storyboard */; };
		674415B226B520AE0087BA61 /* PartnerDetail.swift in Sources */ = {isa = PBXBuildFile; fileRef = 674415B126B520AE0087BA61 /* PartnerDetail.swift */; };
		674415B426B523C70087BA61 /* AddNewPartner.swift in Sources */ = {isa = PBXBuildFile; fileRef = 674415B326B523C70087BA61 /* AddNewPartner.swift */; };
		674415B626B526E10087BA61 /* EditPartner.swift in Sources */ = {isa = PBXBuildFile; fileRef = 674415B526B526E10087BA61 /* EditPartner.swift */; };
		679A041B26BA942600676D96 /* EmptyState.storyboard in Resources */ = {isa = PBXBuildFile; fileRef = 679A041A26BA942600676D96 /* EmptyState.storyboard */; };
		679A041D26BA944700676D96 /* EmptyStatePartnerList.swift in Sources */ = {isa = PBXBuildFile; fileRef = 679A041C26BA944700676D96 /* EmptyStatePartnerList.swift */; };
		679A041F26BA96FA00676D96 /* UpdateTransaction.storyboard in Resources */ = {isa = PBXBuildFile; fileRef = 679A041E26BA96FA00676D96 /* UpdateTransaction.storyboard */; };
		679A042126BA97D100676D96 /* UpdateTransaction.swift in Sources */ = {isa = PBXBuildFile; fileRef = 679A042026BA97D100676D96 /* UpdateTransaction.swift */; };
		679A042526BA9A7800676D96 /* PaymentStatusCell.swift in Sources */ = {isa = PBXBuildFile; fileRef = 679A042326BA9A7800676D96 /* PaymentStatusCell.swift */; };
		679A042626BA9A7800676D96 /* PaymentStatusCell.xib in Resources */ = {isa = PBXBuildFile; fileRef = 679A042426BA9A7800676D96 /* PaymentStatusCell.xib */; };
		679A042826BA9E6000676D96 /* PaymentDetail.storyboard in Resources */ = {isa = PBXBuildFile; fileRef = 679A042726BA9E6000676D96 /* PaymentDetail.storyboard */; };
		679A042A26BA9E8000676D96 /* PaymentDetail.swift in Sources */ = {isa = PBXBuildFile; fileRef = 679A042926BA9E8000676D96 /* PaymentDetail.swift */; };
		67FC69D626B4696F00836E3F /* PartnerListCell.swift in Sources */ = {isa = PBXBuildFile; fileRef = 67FC69D426B4696F00836E3F /* PartnerListCell.swift */; };
		67FC69D726B4696F00836E3F /* PartnerListCell.xib in Resources */ = {isa = PBXBuildFile; fileRef = 67FC69D526B4696F00836E3F /* PartnerListCell.xib */; };
		67FC69DA26B4698500836E3F /* PartnerTypeCell.swift in Sources */ = {isa = PBXBuildFile; fileRef = 67FC69D826B4698500836E3F /* PartnerTypeCell.swift */; };
		67FC69DB26B4698500836E3F /* PartnerTypeCell.xib in Resources */ = {isa = PBXBuildFile; fileRef = 67FC69D926B4698500836E3F /* PartnerTypeCell.xib */; };
		67FC69DE26B469AE00836E3F /* SelectFromContactCell.swift in Sources */ = {isa = PBXBuildFile; fileRef = 67FC69DC26B469AD00836E3F /* SelectFromContactCell.swift */; };
		67FC69DF26B469AE00836E3F /* SelectFromContactCell.xib in Resources */ = {isa = PBXBuildFile; fileRef = 67FC69DD26B469AE00836E3F /* SelectFromContactCell.xib */; };
		995083DC26B999E3008350D7 /* NormalOptViewCell.swift in Sources */ = {isa = PBXBuildFile; fileRef = 995083DA26B999E3008350D7 /* NormalOptViewCell.swift */; };
		995083DD26B999E3008350D7 /* NormalOptViewCell.xib in Resources */ = {isa = PBXBuildFile; fileRef = 995083DB26B999E3008350D7 /* NormalOptViewCell.xib */; };
		995A23C926BD8E1C00FAC69D /* DatePickerCell.swift in Sources */ = {isa = PBXBuildFile; fileRef = 995A23C726BD8E1C00FAC69D /* DatePickerCell.swift */; };
		995A23CA26BD8E1C00FAC69D /* DatePickerCell.xib in Resources */ = {isa = PBXBuildFile; fileRef = 995A23C826BD8E1C00FAC69D /* DatePickerCell.xib */; };
		995A23CE26BED00400FAC69D /* PaymentRepository.swift in Sources */ = {isa = PBXBuildFile; fileRef = 995A23CD26BED00400FAC69D /* PaymentRepository.swift */; };
		99837E1326B9911800EFCA58 /* FilterView.xib in Resources */ = {isa = PBXBuildFile; fileRef = 99837E1226B9911800EFCA58 /* FilterView.xib */; };
		99837E1526B9915E00EFCA58 /* FilterView.swift in Sources */ = {isa = PBXBuildFile; fileRef = 99837E1426B9915E00EFCA58 /* FilterView.swift */; };
		99DC76D526B0577200BFD14D /* dateCell.swift in Sources */ = {isa = PBXBuildFile; fileRef = 99DC76D426B0577200BFD14D /* dateCell.swift */; };
		99DC76D726B0587600BFD14D /* balanceCell.swift in Sources */ = {isa = PBXBuildFile; fileRef = 99DC76D626B0587600BFD14D /* balanceCell.swift */; };
		99DC76D926B058D800BFD14D /* transactionsCell.swift in Sources */ = {isa = PBXBuildFile; fileRef = 99DC76D826B058D800BFD14D /* transactionsCell.swift */; };
		99DC76DB26B2F3FA00BFD14D /* rootTabBar.storyboard in Resources */ = {isa = PBXBuildFile; fileRef = 99DC76DA26B2F3FA00BFD14D /* rootTabBar.storyboard */; };
		99DC76DD26B7B16400BFD14D /* TransactionDetail.storyboard in Resources */ = {isa = PBXBuildFile; fileRef = 99DC76DC26B7B16400BFD14D /* TransactionDetail.storyboard */; };
		99DC76DF26B7B1DB00BFD14D /* TransactionDetails.swift in Sources */ = {isa = PBXBuildFile; fileRef = 99DC76DE26B7B1DB00BFD14D /* TransactionDetails.swift */; };
		99DC76E126B83D9C00BFD14D /* paymentCell.swift in Sources */ = {isa = PBXBuildFile; fileRef = 99DC76E026B83D9C00BFD14D /* paymentCell.swift */; };
		99DC76E326B84A0300BFD14D /* historyCell.swift in Sources */ = {isa = PBXBuildFile; fileRef = 99DC76E226B84A0300BFD14D /* historyCell.swift */; };
		D43FEFB526AFA7D50057F616 /* Rekord.xcdatamodeld in Sources */ = {isa = PBXBuildFile; fileRef = D43FEFB326AFA7D50057F616 /* Rekord.xcdatamodeld */; };
		D43FEFBC26AFAE890057F616 /* ProfilePage.storyboard in Resources */ = {isa = PBXBuildFile; fileRef = D43FEFBB26AFAE890057F616 /* ProfilePage.storyboard */; };
		D43FEFBE26AFB6110057F616 /* DataSharing.storyboard in Resources */ = {isa = PBXBuildFile; fileRef = D43FEFBD26AFB6110057F616 /* DataSharing.storyboard */; };
		D43FEFC026AFB6870057F616 /* LockScreen.storyboard in Resources */ = {isa = PBXBuildFile; fileRef = D43FEFBF26AFB6870057F616 /* LockScreen.storyboard */; };
		D43FEFC226AFB6940057F616 /* Dashboard.storyboard in Resources */ = {isa = PBXBuildFile; fileRef = D43FEFC126AFB6940057F616 /* Dashboard.storyboard */; };
		D43FEFC826AFB7270057F616 /* Login.storyboard in Resources */ = {isa = PBXBuildFile; fileRef = D43FEFC726AFB7270057F616 /* Login.storyboard */; };
		D43FEFCC26AFB7850057F616 /* SetupPin.storyboard in Resources */ = {isa = PBXBuildFile; fileRef = D43FEFCB26AFB7850057F616 /* SetupPin.storyboard */; };
		D43FEFCE26AFB7AF0057F616 /* History.storyboard in Resources */ = {isa = PBXBuildFile; fileRef = D43FEFCD26AFB7AF0057F616 /* History.storyboard */; };
		D43FEFD026AFB7CE0057F616 /* Transaction.storyboard in Resources */ = {isa = PBXBuildFile; fileRef = D43FEFCF26AFB7CE0057F616 /* Transaction.storyboard */; };
		D43FEFD226AFB7E60057F616 /* DocumentView.storyboard in Resources */ = {isa = PBXBuildFile; fileRef = D43FEFD126AFB7E60057F616 /* DocumentView.storyboard */; };
		D43FEFD426AFB8180057F616 /* Partner.storyboard in Resources */ = {isa = PBXBuildFile; fileRef = D43FEFD326AFB8180057F616 /* Partner.storyboard */; };
		D43FEFDE26AFBA030057F616 /* Login.swift in Sources */ = {isa = PBXBuildFile; fileRef = D43FEFDD26AFBA030057F616 /* Login.swift */; };
		D43FEFE226AFBA2B0057F616 /* SetupPin.swift in Sources */ = {isa = PBXBuildFile; fileRef = D43FEFE126AFBA2B0057F616 /* SetupPin.swift */; };
		D43FEFE426AFBAAF0057F616 /* LockScreen.swift in Sources */ = {isa = PBXBuildFile; fileRef = D43FEFE326AFBAAF0057F616 /* LockScreen.swift */; };
		D43FEFE626AFBAB80057F616 /* Dashboard.swift in Sources */ = {isa = PBXBuildFile; fileRef = D43FEFE526AFBAB80057F616 /* Dashboard.swift */; };
		D43FEFE826AFBAC60057F616 /* AddTransaction.swift in Sources */ = {isa = PBXBuildFile; fileRef = D43FEFE726AFBAC60057F616 /* AddTransaction.swift */; };
		D43FEFEA26AFBAD10057F616 /* History.swift in Sources */ = {isa = PBXBuildFile; fileRef = D43FEFE926AFBAD10057F616 /* History.swift */; };
		D43FEFEC26AFBAE80057F616 /* Transaction.swift in Sources */ = {isa = PBXBuildFile; fileRef = D43FEFEB26AFBAE80057F616 /* Transaction.swift */; };
		D43FEFEE26AFBAF40057F616 /* DocumentView.swift in Sources */ = {isa = PBXBuildFile; fileRef = D43FEFED26AFBAF40057F616 /* DocumentView.swift */; };
		D43FEFF026AFBB000057F616 /* Partner.swift in Sources */ = {isa = PBXBuildFile; fileRef = D43FEFEF26AFBB000057F616 /* Partner.swift */; };
		D43FEFF226AFC1AE0057F616 /* Settings.swift in Sources */ = {isa = PBXBuildFile; fileRef = D43FEFF126AFC1AE0057F616 /* Settings.swift */; };
		D43FEFF426AFC1C30057F616 /* DataSharing.swift in Sources */ = {isa = PBXBuildFile; fileRef = D43FEFF326AFC1C30057F616 /* DataSharing.swift */; };
		D444D4DB26B6A0E600431C1B /* PartnersAPIRequest.swift in Sources */ = {isa = PBXBuildFile; fileRef = D444D4DA26B6A0E600431C1B /* PartnersAPIRequest.swift */; };
		D444D4DD26B6A25500431C1B /* TransactionsAPIRequest.swift in Sources */ = {isa = PBXBuildFile; fileRef = D444D4DC26B6A25500431C1B /* TransactionsAPIRequest.swift */; };
		D444D4DF26B6A3FE00431C1B /* BusinessAPIRequest.swift in Sources */ = {isa = PBXBuildFile; fileRef = D444D4DE26B6A3FE00431C1B /* BusinessAPIRequest.swift */; };
		D444D4E126B6A62700431C1B /* PaymentsAPIRequest.swift in Sources */ = {isa = PBXBuildFile; fileRef = D444D4E026B6A62700431C1B /* PaymentsAPIRequest.swift */; };
		D444D4E326B6A76300431C1B /* InviteeLinksAPIRequest.swift in Sources */ = {isa = PBXBuildFile; fileRef = D444D4E226B6A76300431C1B /* InviteeLinksAPIRequest.swift */; };
		D48BC0CF26B3AE90001D7D9C /* BaseRequest.swift in Sources */ = {isa = PBXBuildFile; fileRef = D48BC0CE26B3AE90001D7D9C /* BaseRequest.swift */; };
		D48BC0D126B3B39E001D7D9C /* UsersAPIRequest.swift in Sources */ = {isa = PBXBuildFile; fileRef = D48BC0D026B3B39E001D7D9C /* UsersAPIRequest.swift */; };
		D48BC0D426B3BE42001D7D9C /* UsersModel+Networking.swift in Sources */ = {isa = PBXBuildFile; fileRef = D48BC0D326B3BE41001D7D9C /* UsersModel+Networking.swift */; };
		D48BC0D726B3BEDC001D7D9C /* DataManager.swift in Sources */ = {isa = PBXBuildFile; fileRef = D48BC0D626B3BEDC001D7D9C /* DataManager.swift */; };
		D48BC0DA26B52B27001D7D9C /* PartnersModel+Networking.swift in Sources */ = {isa = PBXBuildFile; fileRef = D48BC0D926B52B27001D7D9C /* PartnersModel+Networking.swift */; };
		D48BC0DC26B52C1B001D7D9C /* BusinessModel+Networking.swift in Sources */ = {isa = PBXBuildFile; fileRef = D48BC0DB26B52C1B001D7D9C /* BusinessModel+Networking.swift */; };
		D48BC0DE26B52D52001D7D9C /* TransactionsModel+Networking.swift in Sources */ = {isa = PBXBuildFile; fileRef = D48BC0DD26B52D52001D7D9C /* TransactionsModel+Networking.swift */; };
		D48BC0E026B52E69001D7D9C /* PaymentsModel+Networking.swift in Sources */ = {isa = PBXBuildFile; fileRef = D48BC0DF26B52E69001D7D9C /* PaymentsModel+Networking.swift */; };
		D48BC0E226B52ECA001D7D9C /* InviteLinksModel+Networking.swift in Sources */ = {isa = PBXBuildFile; fileRef = D48BC0E126B52ECA001D7D9C /* InviteLinksModel+Networking.swift */; };
		D4D20535266DEF1900CDC2D6 /* AppDelegate.swift in Sources */ = {isa = PBXBuildFile; fileRef = D4D20534266DEF1900CDC2D6 /* AppDelegate.swift */; };
		D4D20537266DEF1900CDC2D6 /* SceneDelegate.swift in Sources */ = {isa = PBXBuildFile; fileRef = D4D20536266DEF1900CDC2D6 /* SceneDelegate.swift */; };
		D4D20541266DEF1900CDC2D6 /* Assets.xcassets in Resources */ = {isa = PBXBuildFile; fileRef = D4D20540266DEF1900CDC2D6 /* Assets.xcassets */; };
		D4D20544266DEF1900CDC2D6 /* LaunchScreen.storyboard in Resources */ = {isa = PBXBuildFile; fileRef = D4D20542266DEF1900CDC2D6 /* LaunchScreen.storyboard */; };
		D4D3D35C267062EF005A4ABA /* UIColor+Extension.swift in Sources */ = {isa = PBXBuildFile; fileRef = D4D3D352267062EE005A4ABA /* UIColor+Extension.swift */; };
		D4D3D35D267062EF005A4ABA /* UIButton+Extension.swift in Sources */ = {isa = PBXBuildFile; fileRef = D4D3D353267062EE005A4ABA /* UIButton+Extension.swift */; };
		D4D3D35E267062EF005A4ABA /* UIView+Extension.swift in Sources */ = {isa = PBXBuildFile; fileRef = D4D3D354267062EE005A4ABA /* UIView+Extension.swift */; };
		D4D3D35F267062EF005A4ABA /* UIImage+Extension.swift in Sources */ = {isa = PBXBuildFile; fileRef = D4D3D355267062EE005A4ABA /* UIImage+Extension.swift */; };
		D4D3D360267062EF005A4ABA /* Date+Extension.swift in Sources */ = {isa = PBXBuildFile; fileRef = D4D3D356267062EE005A4ABA /* Date+Extension.swift */; };
		D4D3D361267062EF005A4ABA /* UIBezierPath+Extension.swift in Sources */ = {isa = PBXBuildFile; fileRef = D4D3D357267062EE005A4ABA /* UIBezierPath+Extension.swift */; };
		D4D3D362267062EF005A4ABA /* TableViewCell+Extension.swift in Sources */ = {isa = PBXBuildFile; fileRef = D4D3D358267062EF005A4ABA /* TableViewCell+Extension.swift */; };
		D4D3D363267062EF005A4ABA /* Int+Extension.swift in Sources */ = {isa = PBXBuildFile; fileRef = D4D3D359267062EF005A4ABA /* Int+Extension.swift */; };
		D4D3D364267062EF005A4ABA /* Array+Extension.swift in Sources */ = {isa = PBXBuildFile; fileRef = D4D3D35A267062EF005A4ABA /* Array+Extension.swift */; };
		D4D3D365267062EF005A4ABA /* CALayer+Extension.swift in Sources */ = {isa = PBXBuildFile; fileRef = D4D3D35B267062EF005A4ABA /* CALayer+Extension.swift */; };
		D4D3D36C26706386005A4ABA /* BarChartPresenter.swift in Sources */ = {isa = PBXBuildFile; fileRef = D4D3D36926706386005A4ABA /* BarChartPresenter.swift */; };
		D4D3D36D26706386005A4ABA /* BarChart.swift in Sources */ = {isa = PBXBuildFile; fileRef = D4D3D36A26706386005A4ABA /* BarChart.swift */; };
		D4D3D36E26706386005A4ABA /* BarChartEntry.swift in Sources */ = {isa = PBXBuildFile; fileRef = D4D3D36B26706386005A4ABA /* BarChartEntry.swift */; };
		D4D3D371267063A1005A4ABA /* HorizontalCalendar.swift in Sources */ = {isa = PBXBuildFile; fileRef = D4D3D36F267063A1005A4ABA /* HorizontalCalendar.swift */; };
		D4D3D372267063A1005A4ABA /* library in Resources */ = {isa = PBXBuildFile; fileRef = D4D3D370267063A1005A4ABA /* library */; };
		D4D3D374267063B3005A4ABA /* Constants.swift in Sources */ = {isa = PBXBuildFile; fileRef = D4D3D373267063B3005A4ABA /* Constants.swift */; };
		D4D3D376267063C8005A4ABA /* CommonFunction.swift in Sources */ = {isa = PBXBuildFile; fileRef = D4D3D375267063C8005A4ABA /* CommonFunction.swift */; };
		D4D3D37926706523005A4ABA /* Colors.xcassets in Resources */ = {isa = PBXBuildFile; fileRef = D4D3D37826706523005A4ABA /* Colors.xcassets */; };
		E790D39726BB5BB5000D8435 /* ConfirmPinViewController.swift in Sources */ = {isa = PBXBuildFile; fileRef = E790D39626BB5BB5000D8435 /* ConfirmPinViewController.swift */; };
		E7A9B69E26B6426D009C2876 /* SetupBusinessViewController.swift in Sources */ = {isa = PBXBuildFile; fileRef = E7A9B69D26B6426D009C2876 /* SetupBusinessViewController.swift */; };
		EC0BA3E026C6059700E2A4D1 /* UIViewController+Extension.swift in Sources */ = {isa = PBXBuildFile; fileRef = EC0BA3DF26C6059700E2A4D1 /* UIViewController+Extension.swift */; };
		EC0BA3E226C60BF700E2A4D1 /* UITextField+Extension.swift in Sources */ = {isa = PBXBuildFile; fileRef = EC0BA3E126C60BF700E2A4D1 /* UITextField+Extension.swift */; };
		EC68569B26B3B1C400148313 /* InviteLinkModel.swift in Sources */ = {isa = PBXBuildFile; fileRef = EC68569A26B3B1C400148313 /* InviteLinkModel.swift */; };
		EC68569D26B3B6EB00148313 /* AddTransaction.storyboard in Resources */ = {isa = PBXBuildFile; fileRef = EC68569C26B3B6EB00148313 /* AddTransaction.storyboard */; };
		EC6F600C26BC2FEE000A3302 /* String+Extension.swift in Sources */ = {isa = PBXBuildFile; fileRef = EC6F600B26BC2FEE000A3302 /* String+Extension.swift */; };
		EC87E50426B78A9A0098148B /* TransactionRepository.swift in Sources */ = {isa = PBXBuildFile; fileRef = EC87E50326B78A9A0098148B /* TransactionRepository.swift */; };
		ECA4ADFD26B91304007C4F74 /* BusinessRepository.swift in Sources */ = {isa = PBXBuildFile; fileRef = ECA4ADFC26B91304007C4F74 /* BusinessRepository.swift */; };
		ECA4ADFF26B9133A007C4F74 /* PartnerRepository.swift in Sources */ = {isa = PBXBuildFile; fileRef = ECA4ADFE26B9133A007C4F74 /* PartnerRepository.swift */; };
		ECA4AE0126B91357007C4F74 /* InviteLinkRepository.swift in Sources */ = {isa = PBXBuildFile; fileRef = ECA4AE0026B91357007C4F74 /* InviteLinkRepository.swift */; };
		ECC223F526B24DE700DDF743 /* BusinessModel.swift in Sources */ = {isa = PBXBuildFile; fileRef = ECC223EC26B24DE700DDF743 /* BusinessModel.swift */; };
		ECC223F626B24DE700DDF743 /* RoleType.swift in Sources */ = {isa = PBXBuildFile; fileRef = ECC223ED26B24DE700DDF743 /* RoleType.swift */; };
		ECC223F726B24DE700DDF743 /* UserModel.swift in Sources */ = {isa = PBXBuildFile; fileRef = ECC223EE26B24DE700DDF743 /* UserModel.swift */; };
		ECC223F826B24DE700DDF743 /* PartnerModel.swift in Sources */ = {isa = PBXBuildFile; fileRef = ECC223EF26B24DE700DDF743 /* PartnerModel.swift */; };
		ECC223F926B24DE700DDF743 /* TransactionModel.swift in Sources */ = {isa = PBXBuildFile; fileRef = ECC223F026B24DE700DDF743 /* TransactionModel.swift */; };
		ECC223FA26B24DE700DDF743 /* TransactionStatusType.swift in Sources */ = {isa = PBXBuildFile; fileRef = ECC223F126B24DE700DDF743 /* TransactionStatusType.swift */; };
		ECC223FB26B24DE700DDF743 /* PartnerType.swift in Sources */ = {isa = PBXBuildFile; fileRef = ECC223F226B24DE700DDF743 /* PartnerType.swift */; };
		ECC223FD26B24DE700DDF743 /* PaymentModel.swift in Sources */ = {isa = PBXBuildFile; fileRef = ECC223F426B24DE700DDF743 /* PaymentModel.swift */; };
		ECC2240026B24E3900DDF743 /* UserRepository.swift in Sources */ = {isa = PBXBuildFile; fileRef = ECC223FF26B24E3900DDF743 /* UserRepository.swift */; };
/* End PBXBuildFile section */

/* Begin PBXFileReference section */
		674415AF26B51FF10087BA61 /* PartnerDetail.storyboard */ = {isa = PBXFileReference; lastKnownFileType = file.storyboard; path = PartnerDetail.storyboard; sourceTree = "<group>"; };
		674415B126B520AE0087BA61 /* PartnerDetail.swift */ = {isa = PBXFileReference; lastKnownFileType = sourcecode.swift; path = PartnerDetail.swift; sourceTree = "<group>"; };
		674415B326B523C70087BA61 /* AddNewPartner.swift */ = {isa = PBXFileReference; lastKnownFileType = sourcecode.swift; path = AddNewPartner.swift; sourceTree = "<group>"; };
		674415B526B526E10087BA61 /* EditPartner.swift */ = {isa = PBXFileReference; lastKnownFileType = sourcecode.swift; path = EditPartner.swift; sourceTree = "<group>"; };
		679A041A26BA942600676D96 /* EmptyState.storyboard */ = {isa = PBXFileReference; lastKnownFileType = file.storyboard; path = EmptyState.storyboard; sourceTree = "<group>"; };
		679A041C26BA944700676D96 /* EmptyStatePartnerList.swift */ = {isa = PBXFileReference; lastKnownFileType = sourcecode.swift; path = EmptyStatePartnerList.swift; sourceTree = "<group>"; };
		679A041E26BA96FA00676D96 /* UpdateTransaction.storyboard */ = {isa = PBXFileReference; lastKnownFileType = file.storyboard; path = UpdateTransaction.storyboard; sourceTree = "<group>"; };
		679A042026BA97D100676D96 /* UpdateTransaction.swift */ = {isa = PBXFileReference; lastKnownFileType = sourcecode.swift; path = UpdateTransaction.swift; sourceTree = "<group>"; };
		679A042326BA9A7800676D96 /* PaymentStatusCell.swift */ = {isa = PBXFileReference; lastKnownFileType = sourcecode.swift; path = PaymentStatusCell.swift; sourceTree = "<group>"; };
		679A042426BA9A7800676D96 /* PaymentStatusCell.xib */ = {isa = PBXFileReference; lastKnownFileType = file.xib; path = PaymentStatusCell.xib; sourceTree = "<group>"; };
		679A042726BA9E6000676D96 /* PaymentDetail.storyboard */ = {isa = PBXFileReference; lastKnownFileType = file.storyboard; path = PaymentDetail.storyboard; sourceTree = "<group>"; };
		679A042926BA9E8000676D96 /* PaymentDetail.swift */ = {isa = PBXFileReference; lastKnownFileType = sourcecode.swift; path = PaymentDetail.swift; sourceTree = "<group>"; };
		67FC69D426B4696F00836E3F /* PartnerListCell.swift */ = {isa = PBXFileReference; lastKnownFileType = sourcecode.swift; path = PartnerListCell.swift; sourceTree = "<group>"; };
		67FC69D526B4696F00836E3F /* PartnerListCell.xib */ = {isa = PBXFileReference; lastKnownFileType = file.xib; path = PartnerListCell.xib; sourceTree = "<group>"; };
		67FC69D826B4698500836E3F /* PartnerTypeCell.swift */ = {isa = PBXFileReference; lastKnownFileType = sourcecode.swift; path = PartnerTypeCell.swift; sourceTree = "<group>"; };
		67FC69D926B4698500836E3F /* PartnerTypeCell.xib */ = {isa = PBXFileReference; lastKnownFileType = file.xib; path = PartnerTypeCell.xib; sourceTree = "<group>"; };
		67FC69DC26B469AD00836E3F /* SelectFromContactCell.swift */ = {isa = PBXFileReference; lastKnownFileType = sourcecode.swift; path = SelectFromContactCell.swift; sourceTree = "<group>"; };
		67FC69DD26B469AE00836E3F /* SelectFromContactCell.xib */ = {isa = PBXFileReference; lastKnownFileType = file.xib; path = SelectFromContactCell.xib; sourceTree = "<group>"; };
		995083DA26B999E3008350D7 /* NormalOptViewCell.swift */ = {isa = PBXFileReference; lastKnownFileType = sourcecode.swift; path = NormalOptViewCell.swift; sourceTree = "<group>"; };
		995083DB26B999E3008350D7 /* NormalOptViewCell.xib */ = {isa = PBXFileReference; lastKnownFileType = file.xib; path = NormalOptViewCell.xib; sourceTree = "<group>"; };
		995A23C726BD8E1C00FAC69D /* DatePickerCell.swift */ = {isa = PBXFileReference; lastKnownFileType = sourcecode.swift; path = DatePickerCell.swift; sourceTree = "<group>"; };
		995A23C826BD8E1C00FAC69D /* DatePickerCell.xib */ = {isa = PBXFileReference; lastKnownFileType = file.xib; path = DatePickerCell.xib; sourceTree = "<group>"; };
		995A23CD26BED00400FAC69D /* PaymentRepository.swift */ = {isa = PBXFileReference; lastKnownFileType = sourcecode.swift; path = PaymentRepository.swift; sourceTree = "<group>"; };
		99837E1226B9911800EFCA58 /* FilterView.xib */ = {isa = PBXFileReference; lastKnownFileType = file.xib; path = FilterView.xib; sourceTree = "<group>"; };
		99837E1426B9915E00EFCA58 /* FilterView.swift */ = {isa = PBXFileReference; lastKnownFileType = sourcecode.swift; path = FilterView.swift; sourceTree = "<group>"; };
		99DC76D426B0577200BFD14D /* dateCell.swift */ = {isa = PBXFileReference; lastKnownFileType = sourcecode.swift; path = dateCell.swift; sourceTree = "<group>"; };
		99DC76D626B0587600BFD14D /* balanceCell.swift */ = {isa = PBXFileReference; lastKnownFileType = sourcecode.swift; path = balanceCell.swift; sourceTree = "<group>"; };
		99DC76D826B058D800BFD14D /* transactionsCell.swift */ = {isa = PBXFileReference; lastKnownFileType = sourcecode.swift; path = transactionsCell.swift; sourceTree = "<group>"; };
		99DC76DA26B2F3FA00BFD14D /* rootTabBar.storyboard */ = {isa = PBXFileReference; lastKnownFileType = file.storyboard; path = rootTabBar.storyboard; sourceTree = "<group>"; };
		99DC76DC26B7B16400BFD14D /* TransactionDetail.storyboard */ = {isa = PBXFileReference; lastKnownFileType = file.storyboard; path = TransactionDetail.storyboard; sourceTree = "<group>"; };
		99DC76DE26B7B1DB00BFD14D /* TransactionDetails.swift */ = {isa = PBXFileReference; lastKnownFileType = sourcecode.swift; path = TransactionDetails.swift; sourceTree = "<group>"; };
		99DC76E026B83D9C00BFD14D /* paymentCell.swift */ = {isa = PBXFileReference; lastKnownFileType = sourcecode.swift; path = paymentCell.swift; sourceTree = "<group>"; };
		99DC76E226B84A0300BFD14D /* historyCell.swift */ = {isa = PBXFileReference; lastKnownFileType = sourcecode.swift; path = historyCell.swift; sourceTree = "<group>"; };
		D43FEFB426AFA7D50057F616 /* Rekord.xcdatamodel */ = {isa = PBXFileReference; lastKnownFileType = wrapper.xcdatamodel; path = Rekord.xcdatamodel; sourceTree = "<group>"; };
		D43FEFBB26AFAE890057F616 /* ProfilePage.storyboard */ = {isa = PBXFileReference; lastKnownFileType = file.storyboard; path = ProfilePage.storyboard; sourceTree = "<group>"; };
		D43FEFBD26AFB6110057F616 /* DataSharing.storyboard */ = {isa = PBXFileReference; lastKnownFileType = file.storyboard; path = DataSharing.storyboard; sourceTree = "<group>"; };
		D43FEFBF26AFB6870057F616 /* LockScreen.storyboard */ = {isa = PBXFileReference; lastKnownFileType = file.storyboard; path = LockScreen.storyboard; sourceTree = "<group>"; };
		D43FEFC126AFB6940057F616 /* Dashboard.storyboard */ = {isa = PBXFileReference; lastKnownFileType = file.storyboard; path = Dashboard.storyboard; sourceTree = "<group>"; };
		D43FEFC726AFB7270057F616 /* Login.storyboard */ = {isa = PBXFileReference; lastKnownFileType = file.storyboard; path = Login.storyboard; sourceTree = "<group>"; };
		D43FEFCB26AFB7850057F616 /* SetupPin.storyboard */ = {isa = PBXFileReference; lastKnownFileType = file.storyboard; path = SetupPin.storyboard; sourceTree = "<group>"; };
		D43FEFCD26AFB7AF0057F616 /* History.storyboard */ = {isa = PBXFileReference; lastKnownFileType = file.storyboard; path = History.storyboard; sourceTree = "<group>"; };
		D43FEFCF26AFB7CE0057F616 /* Transaction.storyboard */ = {isa = PBXFileReference; lastKnownFileType = file.storyboard; path = Transaction.storyboard; sourceTree = "<group>"; };
		D43FEFD126AFB7E60057F616 /* DocumentView.storyboard */ = {isa = PBXFileReference; lastKnownFileType = file.storyboard; path = DocumentView.storyboard; sourceTree = "<group>"; };
		D43FEFD326AFB8180057F616 /* Partner.storyboard */ = {isa = PBXFileReference; lastKnownFileType = file.storyboard; path = Partner.storyboard; sourceTree = "<group>"; };
		D43FEFDD26AFBA030057F616 /* Login.swift */ = {isa = PBXFileReference; lastKnownFileType = sourcecode.swift; path = Login.swift; sourceTree = "<group>"; };
		D43FEFE126AFBA2B0057F616 /* SetupPin.swift */ = {isa = PBXFileReference; lastKnownFileType = sourcecode.swift; path = SetupPin.swift; sourceTree = "<group>"; };
		D43FEFE326AFBAAF0057F616 /* LockScreen.swift */ = {isa = PBXFileReference; lastKnownFileType = sourcecode.swift; path = LockScreen.swift; sourceTree = "<group>"; };
		D43FEFE526AFBAB80057F616 /* Dashboard.swift */ = {isa = PBXFileReference; lastKnownFileType = sourcecode.swift; path = Dashboard.swift; sourceTree = "<group>"; };
		D43FEFE726AFBAC60057F616 /* AddTransaction.swift */ = {isa = PBXFileReference; lastKnownFileType = sourcecode.swift; path = AddTransaction.swift; sourceTree = "<group>"; };
		D43FEFE926AFBAD10057F616 /* History.swift */ = {isa = PBXFileReference; lastKnownFileType = sourcecode.swift; path = History.swift; sourceTree = "<group>"; };
		D43FEFEB26AFBAE80057F616 /* Transaction.swift */ = {isa = PBXFileReference; lastKnownFileType = sourcecode.swift; path = Transaction.swift; sourceTree = "<group>"; };
		D43FEFED26AFBAF40057F616 /* DocumentView.swift */ = {isa = PBXFileReference; lastKnownFileType = sourcecode.swift; path = DocumentView.swift; sourceTree = "<group>"; };
		D43FEFEF26AFBB000057F616 /* Partner.swift */ = {isa = PBXFileReference; lastKnownFileType = sourcecode.swift; path = Partner.swift; sourceTree = "<group>"; };
		D43FEFF126AFC1AE0057F616 /* Settings.swift */ = {isa = PBXFileReference; lastKnownFileType = sourcecode.swift; path = Settings.swift; sourceTree = "<group>"; };
		D43FEFF326AFC1C30057F616 /* DataSharing.swift */ = {isa = PBXFileReference; lastKnownFileType = sourcecode.swift; path = DataSharing.swift; sourceTree = "<group>"; };
		D444D4DA26B6A0E600431C1B /* PartnersAPIRequest.swift */ = {isa = PBXFileReference; lastKnownFileType = sourcecode.swift; path = PartnersAPIRequest.swift; sourceTree = "<group>"; };
		D444D4DC26B6A25500431C1B /* TransactionsAPIRequest.swift */ = {isa = PBXFileReference; lastKnownFileType = sourcecode.swift; path = TransactionsAPIRequest.swift; sourceTree = "<group>"; };
		D444D4DE26B6A3FE00431C1B /* BusinessAPIRequest.swift */ = {isa = PBXFileReference; lastKnownFileType = sourcecode.swift; path = BusinessAPIRequest.swift; sourceTree = "<group>"; };
		D444D4E026B6A62700431C1B /* PaymentsAPIRequest.swift */ = {isa = PBXFileReference; lastKnownFileType = sourcecode.swift; path = PaymentsAPIRequest.swift; sourceTree = "<group>"; };
		D444D4E226B6A76300431C1B /* InviteeLinksAPIRequest.swift */ = {isa = PBXFileReference; lastKnownFileType = sourcecode.swift; path = InviteeLinksAPIRequest.swift; sourceTree = "<group>"; };
		D48BC0CE26B3AE90001D7D9C /* BaseRequest.swift */ = {isa = PBXFileReference; lastKnownFileType = sourcecode.swift; path = BaseRequest.swift; sourceTree = "<group>"; };
		D48BC0D026B3B39E001D7D9C /* UsersAPIRequest.swift */ = {isa = PBXFileReference; lastKnownFileType = sourcecode.swift; path = UsersAPIRequest.swift; sourceTree = "<group>"; };
		D48BC0D326B3BE41001D7D9C /* UsersModel+Networking.swift */ = {isa = PBXFileReference; lastKnownFileType = sourcecode.swift; path = "UsersModel+Networking.swift"; sourceTree = "<group>"; };
		D48BC0D626B3BEDC001D7D9C /* DataManager.swift */ = {isa = PBXFileReference; lastKnownFileType = sourcecode.swift; path = DataManager.swift; sourceTree = "<group>"; };
		D48BC0D926B52B27001D7D9C /* PartnersModel+Networking.swift */ = {isa = PBXFileReference; lastKnownFileType = sourcecode.swift; path = "PartnersModel+Networking.swift"; sourceTree = "<group>"; };
		D48BC0DB26B52C1B001D7D9C /* BusinessModel+Networking.swift */ = {isa = PBXFileReference; lastKnownFileType = sourcecode.swift; path = "BusinessModel+Networking.swift"; sourceTree = "<group>"; };
		D48BC0DD26B52D52001D7D9C /* TransactionsModel+Networking.swift */ = {isa = PBXFileReference; lastKnownFileType = sourcecode.swift; path = "TransactionsModel+Networking.swift"; sourceTree = "<group>"; };
		D48BC0DF26B52E69001D7D9C /* PaymentsModel+Networking.swift */ = {isa = PBXFileReference; lastKnownFileType = sourcecode.swift; path = "PaymentsModel+Networking.swift"; sourceTree = "<group>"; };
		D48BC0E126B52ECA001D7D9C /* InviteLinksModel+Networking.swift */ = {isa = PBXFileReference; lastKnownFileType = sourcecode.swift; path = "InviteLinksModel+Networking.swift"; sourceTree = "<group>"; };
		D4D20531266DEF1900CDC2D6 /* Rekord.app */ = {isa = PBXFileReference; explicitFileType = wrapper.application; includeInIndex = 0; path = Rekord.app; sourceTree = BUILT_PRODUCTS_DIR; };
		D4D20534266DEF1900CDC2D6 /* AppDelegate.swift */ = {isa = PBXFileReference; lastKnownFileType = sourcecode.swift; path = AppDelegate.swift; sourceTree = "<group>"; };
		D4D20536266DEF1900CDC2D6 /* SceneDelegate.swift */ = {isa = PBXFileReference; lastKnownFileType = sourcecode.swift; path = SceneDelegate.swift; sourceTree = "<group>"; };
		D4D20540266DEF1900CDC2D6 /* Assets.xcassets */ = {isa = PBXFileReference; lastKnownFileType = folder.assetcatalog; path = Assets.xcassets; sourceTree = "<group>"; };
		D4D20543266DEF1900CDC2D6 /* Base */ = {isa = PBXFileReference; lastKnownFileType = file.storyboard; name = Base; path = Base.lproj/LaunchScreen.storyboard; sourceTree = "<group>"; };
		D4D20545266DEF1900CDC2D6 /* Info.plist */ = {isa = PBXFileReference; lastKnownFileType = text.plist.xml; path = Info.plist; sourceTree = "<group>"; };
		D4D3D352267062EE005A4ABA /* UIColor+Extension.swift */ = {isa = PBXFileReference; fileEncoding = 4; lastKnownFileType = sourcecode.swift; path = "UIColor+Extension.swift"; sourceTree = "<group>"; };
		D4D3D353267062EE005A4ABA /* UIButton+Extension.swift */ = {isa = PBXFileReference; fileEncoding = 4; lastKnownFileType = sourcecode.swift; path = "UIButton+Extension.swift"; sourceTree = "<group>"; };
		D4D3D354267062EE005A4ABA /* UIView+Extension.swift */ = {isa = PBXFileReference; fileEncoding = 4; lastKnownFileType = sourcecode.swift; path = "UIView+Extension.swift"; sourceTree = "<group>"; };
		D4D3D355267062EE005A4ABA /* UIImage+Extension.swift */ = {isa = PBXFileReference; fileEncoding = 4; lastKnownFileType = sourcecode.swift; path = "UIImage+Extension.swift"; sourceTree = "<group>"; };
		D4D3D356267062EE005A4ABA /* Date+Extension.swift */ = {isa = PBXFileReference; fileEncoding = 4; lastKnownFileType = sourcecode.swift; path = "Date+Extension.swift"; sourceTree = "<group>"; };
		D4D3D357267062EE005A4ABA /* UIBezierPath+Extension.swift */ = {isa = PBXFileReference; fileEncoding = 4; lastKnownFileType = sourcecode.swift; path = "UIBezierPath+Extension.swift"; sourceTree = "<group>"; };
		D4D3D358267062EF005A4ABA /* TableViewCell+Extension.swift */ = {isa = PBXFileReference; fileEncoding = 4; lastKnownFileType = sourcecode.swift; path = "TableViewCell+Extension.swift"; sourceTree = "<group>"; };
		D4D3D359267062EF005A4ABA /* Int+Extension.swift */ = {isa = PBXFileReference; fileEncoding = 4; lastKnownFileType = sourcecode.swift; path = "Int+Extension.swift"; sourceTree = "<group>"; };
		D4D3D35A267062EF005A4ABA /* Array+Extension.swift */ = {isa = PBXFileReference; fileEncoding = 4; lastKnownFileType = sourcecode.swift; path = "Array+Extension.swift"; sourceTree = "<group>"; };
		D4D3D35B267062EF005A4ABA /* CALayer+Extension.swift */ = {isa = PBXFileReference; fileEncoding = 4; lastKnownFileType = sourcecode.swift; path = "CALayer+Extension.swift"; sourceTree = "<group>"; };
		D4D3D36926706386005A4ABA /* BarChartPresenter.swift */ = {isa = PBXFileReference; fileEncoding = 4; lastKnownFileType = sourcecode.swift; path = BarChartPresenter.swift; sourceTree = "<group>"; };
		D4D3D36A26706386005A4ABA /* BarChart.swift */ = {isa = PBXFileReference; fileEncoding = 4; lastKnownFileType = sourcecode.swift; path = BarChart.swift; sourceTree = "<group>"; };
		D4D3D36B26706386005A4ABA /* BarChartEntry.swift */ = {isa = PBXFileReference; fileEncoding = 4; lastKnownFileType = sourcecode.swift; path = BarChartEntry.swift; sourceTree = "<group>"; };
		D4D3D36F267063A1005A4ABA /* HorizontalCalendar.swift */ = {isa = PBXFileReference; fileEncoding = 4; lastKnownFileType = sourcecode.swift; path = HorizontalCalendar.swift; sourceTree = "<group>"; };
		D4D3D370267063A1005A4ABA /* library */ = {isa = PBXFileReference; fileEncoding = 4; lastKnownFileType = text; path = library; sourceTree = "<group>"; };
		D4D3D373267063B3005A4ABA /* Constants.swift */ = {isa = PBXFileReference; fileEncoding = 4; lastKnownFileType = sourcecode.swift; path = Constants.swift; sourceTree = "<group>"; };
		D4D3D375267063C8005A4ABA /* CommonFunction.swift */ = {isa = PBXFileReference; fileEncoding = 4; lastKnownFileType = sourcecode.swift; path = CommonFunction.swift; sourceTree = "<group>"; };
		D4D3D37826706523005A4ABA /* Colors.xcassets */ = {isa = PBXFileReference; lastKnownFileType = folder.assetcatalog; path = Colors.xcassets; sourceTree = "<group>"; };
		E790D39626BB5BB5000D8435 /* ConfirmPinViewController.swift */ = {isa = PBXFileReference; lastKnownFileType = sourcecode.swift; path = ConfirmPinViewController.swift; sourceTree = "<group>"; };
		E7A9B69A26B64064009C2876 /* Rekord.entitlements */ = {isa = PBXFileReference; lastKnownFileType = text.plist.entitlements; path = Rekord.entitlements; sourceTree = "<group>"; };
		E7A9B69D26B6426D009C2876 /* SetupBusinessViewController.swift */ = {isa = PBXFileReference; lastKnownFileType = sourcecode.swift; path = SetupBusinessViewController.swift; sourceTree = "<group>"; };
		EC0BA3DF26C6059700E2A4D1 /* UIViewController+Extension.swift */ = {isa = PBXFileReference; lastKnownFileType = sourcecode.swift; path = "UIViewController+Extension.swift"; sourceTree = "<group>"; };
		EC0BA3E126C60BF700E2A4D1 /* UITextField+Extension.swift */ = {isa = PBXFileReference; lastKnownFileType = sourcecode.swift; path = "UITextField+Extension.swift"; sourceTree = "<group>"; };
		EC68569A26B3B1C400148313 /* InviteLinkModel.swift */ = {isa = PBXFileReference; lastKnownFileType = sourcecode.swift; path = InviteLinkModel.swift; sourceTree = "<group>"; };
		EC68569C26B3B6EB00148313 /* AddTransaction.storyboard */ = {isa = PBXFileReference; lastKnownFileType = file.storyboard; path = AddTransaction.storyboard; sourceTree = "<group>"; };
		EC6F600B26BC2FEE000A3302 /* String+Extension.swift */ = {isa = PBXFileReference; lastKnownFileType = sourcecode.swift; path = "String+Extension.swift"; sourceTree = "<group>"; };
		EC87E50326B78A9A0098148B /* TransactionRepository.swift */ = {isa = PBXFileReference; lastKnownFileType = sourcecode.swift; path = TransactionRepository.swift; sourceTree = "<group>"; };
		ECA4ADFC26B91304007C4F74 /* BusinessRepository.swift */ = {isa = PBXFileReference; lastKnownFileType = sourcecode.swift; path = BusinessRepository.swift; sourceTree = "<group>"; };
		ECA4ADFE26B9133A007C4F74 /* PartnerRepository.swift */ = {isa = PBXFileReference; lastKnownFileType = sourcecode.swift; path = PartnerRepository.swift; sourceTree = "<group>"; };
		ECA4AE0026B91357007C4F74 /* InviteLinkRepository.swift */ = {isa = PBXFileReference; lastKnownFileType = sourcecode.swift; path = InviteLinkRepository.swift; sourceTree = "<group>"; };
		ECC223EC26B24DE700DDF743 /* BusinessModel.swift */ = {isa = PBXFileReference; fileEncoding = 4; lastKnownFileType = sourcecode.swift; path = BusinessModel.swift; sourceTree = "<group>"; };
		ECC223ED26B24DE700DDF743 /* RoleType.swift */ = {isa = PBXFileReference; fileEncoding = 4; lastKnownFileType = sourcecode.swift; path = RoleType.swift; sourceTree = "<group>"; };
		ECC223EE26B24DE700DDF743 /* UserModel.swift */ = {isa = PBXFileReference; fileEncoding = 4; lastKnownFileType = sourcecode.swift; path = UserModel.swift; sourceTree = "<group>"; };
		ECC223EF26B24DE700DDF743 /* PartnerModel.swift */ = {isa = PBXFileReference; fileEncoding = 4; lastKnownFileType = sourcecode.swift; path = PartnerModel.swift; sourceTree = "<group>"; };
		ECC223F026B24DE700DDF743 /* TransactionModel.swift */ = {isa = PBXFileReference; fileEncoding = 4; lastKnownFileType = sourcecode.swift; path = TransactionModel.swift; sourceTree = "<group>"; };
		ECC223F126B24DE700DDF743 /* TransactionStatusType.swift */ = {isa = PBXFileReference; fileEncoding = 4; lastKnownFileType = sourcecode.swift; path = TransactionStatusType.swift; sourceTree = "<group>"; };
		ECC223F226B24DE700DDF743 /* PartnerType.swift */ = {isa = PBXFileReference; fileEncoding = 4; lastKnownFileType = sourcecode.swift; path = PartnerType.swift; sourceTree = "<group>"; };
		ECC223F426B24DE700DDF743 /* PaymentModel.swift */ = {isa = PBXFileReference; fileEncoding = 4; lastKnownFileType = sourcecode.swift; path = PaymentModel.swift; sourceTree = "<group>"; };
		ECC223FF26B24E3900DDF743 /* UserRepository.swift */ = {isa = PBXFileReference; fileEncoding = 4; lastKnownFileType = sourcecode.swift; path = UserRepository.swift; sourceTree = "<group>"; };
/* End PBXFileReference section */

/* Begin PBXFrameworksBuildPhase section */
		D4D2052E266DEF1900CDC2D6 /* Frameworks */ = {
			isa = PBXFrameworksBuildPhase;
			buildActionMask = 2147483647;
			files = (
			);
			runOnlyForDeploymentPostprocessing = 0;
		};
/* End PBXFrameworksBuildPhase section */

/* Begin PBXGroup section */
		679A042226BA9A5000676D96 /* Update Transaction Cells */ = {
			isa = PBXGroup;
			children = (
				679A042326BA9A7800676D96 /* PaymentStatusCell.swift */,
				679A042426BA9A7800676D96 /* PaymentStatusCell.xib */,
			);
			path = "Update Transaction Cells";
			sourceTree = "<group>";
		};
		67FC69D326B4691A00836E3F /* Partner Storyboard Cells */ = {
			isa = PBXGroup;
			children = (
				67FC69D426B4696F00836E3F /* PartnerListCell.swift */,
				67FC69D526B4696F00836E3F /* PartnerListCell.xib */,
				67FC69D826B4698500836E3F /* PartnerTypeCell.swift */,
				67FC69D926B4698500836E3F /* PartnerTypeCell.xib */,
				67FC69DC26B469AD00836E3F /* SelectFromContactCell.swift */,
				67FC69DD26B469AE00836E3F /* SelectFromContactCell.xib */,
			);
			path = "Partner Storyboard Cells";
			sourceTree = "<group>";
		};
		D43FEFB626AFADCC0057F616 /* Onboarding&Login */ = {
			isa = PBXGroup;
			children = (
				D43FEFC726AFB7270057F616 /* Login.storyboard */,
				D43FEFCB26AFB7850057F616 /* SetupPin.storyboard */,
			);
			path = "Onboarding&Login";
			sourceTree = "<group>";
		};
		D43FEFB726AFAE420057F616 /* Dashboard */ = {
			isa = PBXGroup;
			children = (
				EC68569C26B3B6EB00148313 /* AddTransaction.storyboard */,
				D43FEFBF26AFB6870057F616 /* LockScreen.storyboard */,
				D43FEFC126AFB6940057F616 /* Dashboard.storyboard */,
			);
			path = Dashboard;
			sourceTree = "<group>";
		};
		D43FEFB826AFAE4C0057F616 /* Transactions&History */ = {
			isa = PBXGroup;
			children = (
				D43FEFCD26AFB7AF0057F616 /* History.storyboard */,
				D43FEFCF26AFB7CE0057F616 /* Transaction.storyboard */,
				D43FEFD126AFB7E60057F616 /* DocumentView.storyboard */,
				99DC76DC26B7B16400BFD14D /* TransactionDetail.storyboard */,
				99837E1226B9911800EFCA58 /* FilterView.xib */,
				995083DB26B999E3008350D7 /* NormalOptViewCell.xib */,
				679A041E26BA96FA00676D96 /* UpdateTransaction.storyboard */,
				679A042726BA9E6000676D96 /* PaymentDetail.storyboard */,
				995A23C826BD8E1C00FAC69D /* DatePickerCell.xib */,
			);
			path = "Transactions&History";
			sourceTree = "<group>";
		};
		D43FEFB926AFAE580057F616 /* Partner */ = {
			isa = PBXGroup;
			children = (
				D43FEFD326AFB8180057F616 /* Partner.storyboard */,
				674415AF26B51FF10087BA61 /* PartnerDetail.storyboard */,
				679A041A26BA942600676D96 /* EmptyState.storyboard */,
			);
			path = Partner;
			sourceTree = "<group>";
		};
		D43FEFBA26AFAE610057F616 /* Settings&DataSharing */ = {
			isa = PBXGroup;
			children = (
				D43FEFBB26AFAE890057F616 /* ProfilePage.storyboard */,
				D43FEFBD26AFB6110057F616 /* DataSharing.storyboard */,
			);
			path = "Settings&DataSharing";
			sourceTree = "<group>";
		};
		D43FEFD526AFB9B40057F616 /* Settings&DataSharing */ = {
			isa = PBXGroup;
			children = (
				D43FEFF126AFC1AE0057F616 /* Settings.swift */,
				D43FEFF326AFC1C30057F616 /* DataSharing.swift */,
			);
			path = "Settings&DataSharing";
			sourceTree = "<group>";
		};
		D43FEFD626AFB9BC0057F616 /* Partner */ = {
			isa = PBXGroup;
			children = (
				D43FEFEF26AFBB000057F616 /* Partner.swift */,
				674415B126B520AE0087BA61 /* PartnerDetail.swift */,
				674415B326B523C70087BA61 /* AddNewPartner.swift */,
				674415B526B526E10087BA61 /* EditPartner.swift */,
				679A041C26BA944700676D96 /* EmptyStatePartnerList.swift */,
			);
			path = Partner;
			sourceTree = "<group>";
		};
		D43FEFD726AFB9C10057F616 /* Transaction&History */ = {
			isa = PBXGroup;
			children = (
				D43FEFE926AFBAD10057F616 /* History.swift */,
				995083DA26B999E3008350D7 /* NormalOptViewCell.swift */,
				D43FEFEB26AFBAE80057F616 /* Transaction.swift */,
				D43FEFED26AFBAF40057F616 /* DocumentView.swift */,
				99DC76DE26B7B1DB00BFD14D /* TransactionDetails.swift */,
				99DC76E026B83D9C00BFD14D /* paymentCell.swift */,
				99DC76E226B84A0300BFD14D /* historyCell.swift */,
				995A23C726BD8E1C00FAC69D /* DatePickerCell.swift */,
				99837E1426B9915E00EFCA58 /* FilterView.swift */,
				679A042026BA97D100676D96 /* UpdateTransaction.swift */,
				679A042926BA9E8000676D96 /* PaymentDetail.swift */,
			);
			path = "Transaction&History";
			sourceTree = "<group>";
		};
		D43FEFD826AFB9C90057F616 /* Dashboard */ = {
			isa = PBXGroup;
			children = (
				D43FEFE326AFBAAF0057F616 /* LockScreen.swift */,
				D43FEFE526AFBAB80057F616 /* Dashboard.swift */,
				D43FEFE726AFBAC60057F616 /* AddTransaction.swift */,
				99DC76D426B0577200BFD14D /* dateCell.swift */,
				99DC76D626B0587600BFD14D /* balanceCell.swift */,
				99DC76D826B058D800BFD14D /* transactionsCell.swift */,
			);
			path = Dashboard;
			sourceTree = "<group>";
		};
		D43FEFD926AFB9CE0057F616 /* Onboarding&Login */ = {
			isa = PBXGroup;
			children = (
				D43FEFDD26AFBA030057F616 /* Login.swift */,
				D43FEFE126AFBA2B0057F616 /* SetupPin.swift */,
				E7A9B69D26B6426D009C2876 /* SetupBusinessViewController.swift */,
				E790D39626BB5BB5000D8435 /* ConfirmPinViewController.swift */,
			);
			path = "Onboarding&Login";
			sourceTree = "<group>";
		};
		D48BC0CB26B3AC74001D7D9C /* Networking */ = {
			isa = PBXGroup;
			children = (
				D48BC0D526B3BEC9001D7D9C /* DataManager */,
				D48BC0D226B3BE03001D7D9C /* Model */,
				D48BC0CE26B3AE90001D7D9C /* BaseRequest.swift */,
				D48BC0D026B3B39E001D7D9C /* UsersAPIRequest.swift */,
				D444D4DA26B6A0E600431C1B /* PartnersAPIRequest.swift */,
				D444D4DC26B6A25500431C1B /* TransactionsAPIRequest.swift */,
				D444D4DE26B6A3FE00431C1B /* BusinessAPIRequest.swift */,
				D444D4E026B6A62700431C1B /* PaymentsAPIRequest.swift */,
				D444D4E226B6A76300431C1B /* InviteeLinksAPIRequest.swift */,
			);
			path = Networking;
			sourceTree = "<group>";
		};
		D48BC0D226B3BE03001D7D9C /* Model */ = {
			isa = PBXGroup;
			children = (
				D48BC0D326B3BE41001D7D9C /* UsersModel+Networking.swift */,
				D48BC0D926B52B27001D7D9C /* PartnersModel+Networking.swift */,
				D48BC0DB26B52C1B001D7D9C /* BusinessModel+Networking.swift */,
				D48BC0DD26B52D52001D7D9C /* TransactionsModel+Networking.swift */,
				D48BC0DF26B52E69001D7D9C /* PaymentsModel+Networking.swift */,
				D48BC0E126B52ECA001D7D9C /* InviteLinksModel+Networking.swift */,
			);
			path = Model;
			sourceTree = "<group>";
		};
		D48BC0D526B3BEC9001D7D9C /* DataManager */ = {
			isa = PBXGroup;
			children = (
				D48BC0D626B3BEDC001D7D9C /* DataManager.swift */,
			);
			path = DataManager;
			sourceTree = "<group>";
		};
		D4A90313266F09CD007D5D2E /* Application */ = {
			isa = PBXGroup;
			children = (
				D4A9031A266F0A38007D5D2E /* App Extension */,
				D4A90319266F0A30007D5D2E /* Notification Center */,
				D4D20534266DEF1900CDC2D6 /* AppDelegate.swift */,
				D4D20536266DEF1900CDC2D6 /* SceneDelegate.swift */,
			);
			path = Application;
			sourceTree = "<group>";
		};
		D4A90314266F09E7007D5D2E /* Presentation */ = {
			isa = PBXGroup;
			children = (
				D43FEFD926AFB9CE0057F616 /* Onboarding&Login */,
				D43FEFD826AFB9C90057F616 /* Dashboard */,
				D43FEFD726AFB9C10057F616 /* Transaction&History */,
				D43FEFD626AFB9BC0057F616 /* Partner */,
				D43FEFD526AFB9B40057F616 /* Settings&DataSharing */,
			);
			path = Presentation;
			sourceTree = "<group>";
		};
		D4A90315266F09F1007D5D2E /* Resources */ = {
			isa = PBXGroup;
			children = (
				D4D20540266DEF1900CDC2D6 /* Assets.xcassets */,
				D4D3D37826706523005A4ABA /* Colors.xcassets */,
				D4A90335266F0B42007D5D2E /* Fonts */,
				D4A90334266F0B3D007D5D2E /* Sounds */,
				D4A9031B266F0A4E007D5D2E /* Storyboards */,
			);
			path = Resources;
			sourceTree = "<group>";
		};
		D4A90316266F0A08007D5D2E /* Core */ = {
			isa = PBXGroup;
			children = (
				D48BC0CB26B3AC74001D7D9C /* Networking */,
				ECC223FE26B24E2400DDF743 /* Repositories */,
				EC14CB0626B13A0C00D17CE6 /* Entities */,
				D43FEFB326AFA7D50057F616 /* Rekord.xcdatamodeld */,
			);
			path = Core;
			sourceTree = "<group>";
		};
		D4A90317266F0A0E007D5D2E /* Helpers */ = {
			isa = PBXGroup;
			children = (
				D4D3D375267063C8005A4ABA /* CommonFunction.swift */,
				D4D3D36726706356005A4ABA /* Library */,
				D4D3D36626706344005A4ABA /* Constant */,
				D4D3D351267062AF005A4ABA /* Extension */,
			);
			path = Helpers;
			sourceTree = "<group>";
		};
		D4A90319266F0A30007D5D2E /* Notification Center */ = {
			isa = PBXGroup;
			children = (
			);
			path = "Notification Center";
			sourceTree = "<group>";
		};
		D4A9031A266F0A38007D5D2E /* App Extension */ = {
			isa = PBXGroup;
			children = (
			);
			path = "App Extension";
			sourceTree = "<group>";
		};
		D4A9031B266F0A4E007D5D2E /* Storyboards */ = {
			isa = PBXGroup;
			children = (
				99DC76DA26B2F3FA00BFD14D /* rootTabBar.storyboard */,
				D43FEFBA26AFAE610057F616 /* Settings&DataSharing */,
				D43FEFB926AFAE580057F616 /* Partner */,
				D43FEFB826AFAE4C0057F616 /* Transactions&History */,
				D43FEFB726AFAE420057F616 /* Dashboard */,
				D43FEFB626AFADCC0057F616 /* Onboarding&Login */,
				D4D20542266DEF1900CDC2D6 /* LaunchScreen.storyboard */,
			);
			path = Storyboards;
			sourceTree = "<group>";
		};
		D4A90334266F0B3D007D5D2E /* Sounds */ = {
			isa = PBXGroup;
			children = (
			);
			path = Sounds;
			sourceTree = "<group>";
		};
		D4A90335266F0B42007D5D2E /* Fonts */ = {
			isa = PBXGroup;
			children = (
			);
			path = Fonts;
			sourceTree = "<group>";
		};
		D4D20528266DEF1800CDC2D6 = {
			isa = PBXGroup;
			children = (
				D4D20533266DEF1900CDC2D6 /* Rekord */,
				D4D20532266DEF1900CDC2D6 /* Products */,
			);
			sourceTree = "<group>";
		};
		D4D20532266DEF1900CDC2D6 /* Products */ = {
			isa = PBXGroup;
			children = (
				D4D20531266DEF1900CDC2D6 /* Rekord.app */,
			);
			name = Products;
			sourceTree = "<group>";
		};
		D4D20533266DEF1900CDC2D6 /* Rekord */ = {
			isa = PBXGroup;
			children = (
				E7A9B69A26B64064009C2876 /* Rekord.entitlements */,
				EC14CB1926B1485900D17CE6 /* SupportingFiles */,
				D4A90317266F0A0E007D5D2E /* Helpers */,
				D4A90316266F0A08007D5D2E /* Core */,
				D4A90315266F09F1007D5D2E /* Resources */,
				D4A90314266F09E7007D5D2E /* Presentation */,
				D4A90313266F09CD007D5D2E /* Application */,
				D4D20545266DEF1900CDC2D6 /* Info.plist */,
			);
			path = Rekord;
			sourceTree = "<group>";
		};
		D4D3D351267062AF005A4ABA /* Extension */ = {
			isa = PBXGroup;
			children = (
				D4D3D35A267062EF005A4ABA /* Array+Extension.swift */,
				D4D3D35B267062EF005A4ABA /* CALayer+Extension.swift */,
				D4D3D356267062EE005A4ABA /* Date+Extension.swift */,
				D4D3D359267062EF005A4ABA /* Int+Extension.swift */,
				D4D3D358267062EF005A4ABA /* TableViewCell+Extension.swift */,
				D4D3D357267062EE005A4ABA /* UIBezierPath+Extension.swift */,
				D4D3D353267062EE005A4ABA /* UIButton+Extension.swift */,
				D4D3D352267062EE005A4ABA /* UIColor+Extension.swift */,
				D4D3D355267062EE005A4ABA /* UIImage+Extension.swift */,
				D4D3D354267062EE005A4ABA /* UIView+Extension.swift */,
				EC6F600B26BC2FEE000A3302 /* String+Extension.swift */,
				EC0BA3DF26C6059700E2A4D1 /* UIViewController+Extension.swift */,
				EC0BA3E126C60BF700E2A4D1 /* UITextField+Extension.swift */,
			);
			path = Extension;
			sourceTree = "<group>";
		};
		D4D3D36626706344005A4ABA /* Constant */ = {
			isa = PBXGroup;
			children = (
				D4D3D373267063B3005A4ABA /* Constants.swift */,
			);
			path = Constant;
			sourceTree = "<group>";
		};
		D4D3D36726706356005A4ABA /* Library */ = {
			isa = PBXGroup;
			children = (
				D4D3D36F267063A1005A4ABA /* HorizontalCalendar.swift */,
				D4D3D370267063A1005A4ABA /* library */,
				D4D3D36826706363005A4ABA /* Chart */,
			);
			path = Library;
			sourceTree = "<group>";
		};
		D4D3D36826706363005A4ABA /* Chart */ = {
			isa = PBXGroup;
			children = (
				D4D3D36A26706386005A4ABA /* BarChart.swift */,
				D4D3D36B26706386005A4ABA /* BarChartEntry.swift */,
				D4D3D36926706386005A4ABA /* BarChartPresenter.swift */,
			);
			path = Chart;
			sourceTree = "<group>";
		};
		EC14CB0626B13A0C00D17CE6 /* Entities */ = {
			isa = PBXGroup;
			children = (
				ECC223EC26B24DE700DDF743 /* BusinessModel.swift */,
				ECC223EF26B24DE700DDF743 /* PartnerModel.swift */,
				ECC223F226B24DE700DDF743 /* PartnerType.swift */,
				ECC223F426B24DE700DDF743 /* PaymentModel.swift */,
				ECC223ED26B24DE700DDF743 /* RoleType.swift */,
				ECC223F026B24DE700DDF743 /* TransactionModel.swift */,
				ECC223F126B24DE700DDF743 /* TransactionStatusType.swift */,
				ECC223EE26B24DE700DDF743 /* UserModel.swift */,
				EC68569A26B3B1C400148313 /* InviteLinkModel.swift */,
			);
			path = Entities;
			sourceTree = "<group>";
		};
		EC14CB1926B1485900D17CE6 /* SupportingFiles */ = {
			isa = PBXGroup;
			children = (
				679A042226BA9A5000676D96 /* Update Transaction Cells */,
				67FC69D326B4691A00836E3F /* Partner Storyboard Cells */,
			);
			path = SupportingFiles;
			sourceTree = "<group>";
		};
		ECC223FE26B24E2400DDF743 /* Repositories */ = {
			isa = PBXGroup;
			children = (
				ECC223FF26B24E3900DDF743 /* UserRepository.swift */,
				EC87E50326B78A9A0098148B /* TransactionRepository.swift */,
				ECA4ADFC26B91304007C4F74 /* BusinessRepository.swift */,
				ECA4ADFE26B9133A007C4F74 /* PartnerRepository.swift */,
				ECA4AE0026B91357007C4F74 /* InviteLinkRepository.swift */,
				995A23CD26BED00400FAC69D /* PaymentRepository.swift */,
			);
			path = Repositories;
			sourceTree = "<group>";
		};
/* End PBXGroup section */

/* Begin PBXNativeTarget section */
		D4D20530266DEF1900CDC2D6 /* Rekord */ = {
			isa = PBXNativeTarget;
			buildConfigurationList = D4D20548266DEF1900CDC2D6 /* Build configuration list for PBXNativeTarget "Rekord" */;
			buildPhases = (
				D4D2052D266DEF1900CDC2D6 /* Sources */,
				D4D2052E266DEF1900CDC2D6 /* Frameworks */,
				D4D2052F266DEF1900CDC2D6 /* Resources */,
			);
			buildRules = (
			);
			dependencies = (
			);
			name = Rekord;
			productName = Knotties;
			productReference = D4D20531266DEF1900CDC2D6 /* Rekord.app */;
			productType = "com.apple.product-type.application";
		};
/* End PBXNativeTarget section */

/* Begin PBXProject section */
		D4D20529266DEF1800CDC2D6 /* Project object */ = {
			isa = PBXProject;
			attributes = {
				LastSwiftUpdateCheck = 1250;
				LastUpgradeCheck = 1250;
				TargetAttributes = {
					D4D20530266DEF1900CDC2D6 = {
						CreatedOnToolsVersion = 12.5;
					};
				};
			};
			buildConfigurationList = D4D2052C266DEF1800CDC2D6 /* Build configuration list for PBXProject "Rekord" */;
			compatibilityVersion = "Xcode 9.3";
			developmentRegion = en;
			hasScannedForEncodings = 0;
			knownRegions = (
				en,
				Base,
			);
			mainGroup = D4D20528266DEF1800CDC2D6;
			productRefGroup = D4D20532266DEF1900CDC2D6 /* Products */;
			projectDirPath = "";
			projectRoot = "";
			targets = (
				D4D20530266DEF1900CDC2D6 /* Rekord */,
			);
		};
/* End PBXProject section */

/* Begin PBXResourcesBuildPhase section */
		D4D2052F266DEF1900CDC2D6 /* Resources */ = {
			isa = PBXResourcesBuildPhase;
			buildActionMask = 2147483647;
			files = (
				99DC76DD26B7B16400BFD14D /* TransactionDetail.storyboard in Resources */,
				D4D20544266DEF1900CDC2D6 /* LaunchScreen.storyboard in Resources */,
				D43FEFC026AFB6870057F616 /* LockScreen.storyboard in Resources */,
				995A23CA26BD8E1C00FAC69D /* DatePickerCell.xib in Resources */,
				D43FEFBE26AFB6110057F616 /* DataSharing.storyboard in Resources */,
				99837E1326B9911800EFCA58 /* FilterView.xib in Resources */,
				D43FEFC226AFB6940057F616 /* Dashboard.storyboard in Resources */,
				D43FEFD426AFB8180057F616 /* Partner.storyboard in Resources */,
				D4D3D37926706523005A4ABA /* Colors.xcassets in Resources */,
				679A042826BA9E6000676D96 /* PaymentDetail.storyboard in Resources */,
				D4D20541266DEF1900CDC2D6 /* Assets.xcassets in Resources */,
				D43FEFBC26AFAE890057F616 /* ProfilePage.storyboard in Resources */,
				67FC69D726B4696F00836E3F /* PartnerListCell.xib in Resources */,
				995083DD26B999E3008350D7 /* NormalOptViewCell.xib in Resources */,
				67FC69DB26B4698500836E3F /* PartnerTypeCell.xib in Resources */,
				99DC76DB26B2F3FA00BFD14D /* rootTabBar.storyboard in Resources */,
				D43FEFD026AFB7CE0057F616 /* Transaction.storyboard in Resources */,
				679A041F26BA96FA00676D96 /* UpdateTransaction.storyboard in Resources */,
				67FC69DF26B469AE00836E3F /* SelectFromContactCell.xib in Resources */,
				679A041B26BA942600676D96 /* EmptyState.storyboard in Resources */,
				D43FEFC826AFB7270057F616 /* Login.storyboard in Resources */,
				EC68569D26B3B6EB00148313 /* AddTransaction.storyboard in Resources */,
				D43FEFCC26AFB7850057F616 /* SetupPin.storyboard in Resources */,
				D43FEFCE26AFB7AF0057F616 /* History.storyboard in Resources */,
				D43FEFD226AFB7E60057F616 /* DocumentView.storyboard in Resources */,
				D4D3D372267063A1005A4ABA /* library in Resources */,
				674415B026B51FF10087BA61 /* PartnerDetail.storyboard in Resources */,
				679A042626BA9A7800676D96 /* PaymentStatusCell.xib in Resources */,
			);
			runOnlyForDeploymentPostprocessing = 0;
		};
/* End PBXResourcesBuildPhase section */

/* Begin PBXSourcesBuildPhase section */
		D4D2052D266DEF1900CDC2D6 /* Sources */ = {
			isa = PBXSourcesBuildPhase;
			buildActionMask = 2147483647;
			files = (
				D43FEFDE26AFBA030057F616 /* Login.swift in Sources */,
				D444D4E326B6A76300431C1B /* InviteeLinksAPIRequest.swift in Sources */,
				679A042526BA9A7800676D96 /* PaymentStatusCell.swift in Sources */,
				679A042126BA97D100676D96 /* UpdateTransaction.swift in Sources */,
				995A23CE26BED00400FAC69D /* PaymentRepository.swift in Sources */,
				ECC223FD26B24DE700DDF743 /* PaymentModel.swift in Sources */,
				995A23C926BD8E1C00FAC69D /* DatePickerCell.swift in Sources */,
				99DC76D526B0577200BFD14D /* dateCell.swift in Sources */,
				99DC76D926B058D800BFD14D /* transactionsCell.swift in Sources */,
				EC0BA3E226C60BF700E2A4D1 /* UITextField+Extension.swift in Sources */,
				99DC76D726B0587600BFD14D /* balanceCell.swift in Sources */,
				67FC69DE26B469AE00836E3F /* SelectFromContactCell.swift in Sources */,
				ECC223FD26B24DE700DDF743 /* PaymentModel.swift in Sources */,
				D4D3D36D26706386005A4ABA /* BarChart.swift in Sources */,
				D43FEFE226AFBA2B0057F616 /* SetupPin.swift in Sources */,
				D444D4DB26B6A0E600431C1B /* PartnersAPIRequest.swift in Sources */,
				D4D3D374267063B3005A4ABA /* Constants.swift in Sources */,
				D4D3D361267062EF005A4ABA /* UIBezierPath+Extension.swift in Sources */,
				E7A9B69E26B6426D009C2876 /* SetupBusinessViewController.swift in Sources */,
				D4D3D35E267062EF005A4ABA /* UIView+Extension.swift in Sources */,
				D4D20535266DEF1900CDC2D6 /* AppDelegate.swift in Sources */,
				ECA4AE0126B91357007C4F74 /* InviteLinkRepository.swift in Sources */,
				ECC223F726B24DE700DDF743 /* UserModel.swift in Sources */,
				D4D3D362267062EF005A4ABA /* TableViewCell+Extension.swift in Sources */,
				D4D3D35F267062EF005A4ABA /* UIImage+Extension.swift in Sources */,
				ECC223F926B24DE700DDF743 /* TransactionModel.swift in Sources */,
				D48BC0DE26B52D52001D7D9C /* TransactionsModel+Networking.swift in Sources */,
				D43FEFF026AFBB000057F616 /* Partner.swift in Sources */,
				D48BC0CF26B3AE90001D7D9C /* BaseRequest.swift in Sources */,
				D48BC0D426B3BE42001D7D9C /* UsersModel+Networking.swift in Sources */,
				EC0BA3E026C6059700E2A4D1 /* UIViewController+Extension.swift in Sources */,
				D43FEFE626AFBAB80057F616 /* Dashboard.swift in Sources */,
				D48BC0E226B52ECA001D7D9C /* InviteLinksModel+Networking.swift in Sources */,
				D43FEFE426AFBAAF0057F616 /* LockScreen.swift in Sources */,
				EC87E50426B78A9A0098148B /* TransactionRepository.swift in Sources */,
				D4D20537266DEF1900CDC2D6 /* SceneDelegate.swift in Sources */,
				D48BC0DA26B52B27001D7D9C /* PartnersModel+Networking.swift in Sources */,
				ECC223FA26B24DE700DDF743 /* TransactionStatusType.swift in Sources */,
				D43FEFF426AFC1C30057F616 /* DataSharing.swift in Sources */,
				D4D3D376267063C8005A4ABA /* CommonFunction.swift in Sources */,
				D4D3D36E26706386005A4ABA /* BarChartEntry.swift in Sources */,
				D48BC0D126B3B39E001D7D9C /* UsersAPIRequest.swift in Sources */,
				ECC223F626B24DE700DDF743 /* RoleType.swift in Sources */,
				674415B226B520AE0087BA61 /* PartnerDetail.swift in Sources */,
				E790D39726BB5BB5000D8435 /* ConfirmPinViewController.swift in Sources */,
				D4D3D36C26706386005A4ABA /* BarChartPresenter.swift in Sources */,
				ECA4ADFD26B91304007C4F74 /* BusinessRepository.swift in Sources */,
				D48BC0DC26B52C1B001D7D9C /* BusinessModel+Networking.swift in Sources */,
				D444D4E126B6A62700431C1B /* PaymentsAPIRequest.swift in Sources */,
				D43FEFB526AFA7D50057F616 /* Rekord.xcdatamodeld in Sources */,
				D48BC0E026B52E69001D7D9C /* PaymentsModel+Networking.swift in Sources */,
				D43FEFEC26AFBAE80057F616 /* Transaction.swift in Sources */,
				EC6F600C26BC2FEE000A3302 /* String+Extension.swift in Sources */,
				D4D3D35C267062EF005A4ABA /* UIColor+Extension.swift in Sources */,
				D444D4DD26B6A25500431C1B /* TransactionsAPIRequest.swift in Sources */,
				D4D3D365267062EF005A4ABA /* CALayer+Extension.swift in Sources */,
				99DC76DF26B7B1DB00BFD14D /* TransactionDetails.swift in Sources */,
				99DC76E326B84A0300BFD14D /* historyCell.swift in Sources */,
				679A042A26BA9E8000676D96 /* PaymentDetail.swift in Sources */,
				679A041D26BA944700676D96 /* EmptyStatePartnerList.swift in Sources */,
				EC68569B26B3B1C400148313 /* InviteLinkModel.swift in Sources */,
				ECC223FB26B24DE700DDF743 /* PartnerType.swift in Sources */,
				D4D3D363267062EF005A4ABA /* Int+Extension.swift in Sources */,
				ECC2240026B24E3900DDF743 /* UserRepository.swift in Sources */,
				D4D3D35D267062EF005A4ABA /* UIButton+Extension.swift in Sources */,
				99837E1526B9915E00EFCA58 /* FilterView.swift in Sources */,
				67FC69DA26B4698500836E3F /* PartnerTypeCell.swift in Sources */,
				67FC69D626B4696F00836E3F /* PartnerListCell.swift in Sources */,
				ECA4ADFF26B9133A007C4F74 /* PartnerRepository.swift in Sources */,
				D4D3D371267063A1005A4ABA /* HorizontalCalendar.swift in Sources */,
				D43FEFF226AFC1AE0057F616 /* Settings.swift in Sources */,
				995083DC26B999E3008350D7 /* NormalOptViewCell.swift in Sources */,
				D43FEFE826AFBAC60057F616 /* AddTransaction.swift in Sources */,
				674415B426B523C70087BA61 /* AddNewPartner.swift in Sources */,
				D43FEFEA26AFBAD10057F616 /* History.swift in Sources */,
				99DC76E126B83D9C00BFD14D /* paymentCell.swift in Sources */,
				D444D4DF26B6A3FE00431C1B /* BusinessAPIRequest.swift in Sources */,
				D4D3D364267062EF005A4ABA /* Array+Extension.swift in Sources */,
				D4D3D360267062EF005A4ABA /* Date+Extension.swift in Sources */,
				D43FEFEE26AFBAF40057F616 /* DocumentView.swift in Sources */,
				D48BC0D726B3BEDC001D7D9C /* DataManager.swift in Sources */,
				674415B626B526E10087BA61 /* EditPartner.swift in Sources */,
				ECC223F826B24DE700DDF743 /* PartnerModel.swift in Sources */,
				ECC223F526B24DE700DDF743 /* BusinessModel.swift in Sources */,
			);
			runOnlyForDeploymentPostprocessing = 0;
		};
/* End PBXSourcesBuildPhase section */

/* Begin PBXVariantGroup section */
		D4D20542266DEF1900CDC2D6 /* LaunchScreen.storyboard */ = {
			isa = PBXVariantGroup;
			children = (
				D4D20543266DEF1900CDC2D6 /* Base */,
			);
			name = LaunchScreen.storyboard;
			sourceTree = "<group>";
		};
/* End PBXVariantGroup section */

/* Begin XCBuildConfiguration section */
		D4D20546266DEF1900CDC2D6 /* Debug */ = {
			isa = XCBuildConfiguration;
			buildSettings = {
				ALWAYS_SEARCH_USER_PATHS = NO;
				CLANG_ANALYZER_NONNULL = YES;
				CLANG_ANALYZER_NUMBER_OBJECT_CONVERSION = YES_AGGRESSIVE;
				CLANG_CXX_LANGUAGE_STANDARD = "gnu++14";
				CLANG_CXX_LIBRARY = "libc++";
				CLANG_ENABLE_MODULES = YES;
				CLANG_ENABLE_OBJC_ARC = YES;
				CLANG_ENABLE_OBJC_WEAK = YES;
				CLANG_WARN_BLOCK_CAPTURE_AUTORELEASING = YES;
				CLANG_WARN_BOOL_CONVERSION = YES;
				CLANG_WARN_COMMA = YES;
				CLANG_WARN_CONSTANT_CONVERSION = YES;
				CLANG_WARN_DEPRECATED_OBJC_IMPLEMENTATIONS = YES;
				CLANG_WARN_DIRECT_OBJC_ISA_USAGE = YES_ERROR;
				CLANG_WARN_DOCUMENTATION_COMMENTS = YES;
				CLANG_WARN_EMPTY_BODY = YES;
				CLANG_WARN_ENUM_CONVERSION = YES;
				CLANG_WARN_INFINITE_RECURSION = YES;
				CLANG_WARN_INT_CONVERSION = YES;
				CLANG_WARN_NON_LITERAL_NULL_CONVERSION = YES;
				CLANG_WARN_OBJC_IMPLICIT_RETAIN_SELF = YES;
				CLANG_WARN_OBJC_LITERAL_CONVERSION = YES;
				CLANG_WARN_OBJC_ROOT_CLASS = YES_ERROR;
				CLANG_WARN_QUOTED_INCLUDE_IN_FRAMEWORK_HEADER = YES;
				CLANG_WARN_RANGE_LOOP_ANALYSIS = YES;
				CLANG_WARN_STRICT_PROTOTYPES = YES;
				CLANG_WARN_SUSPICIOUS_MOVE = YES;
				CLANG_WARN_UNGUARDED_AVAILABILITY = YES_AGGRESSIVE;
				CLANG_WARN_UNREACHABLE_CODE = YES;
				CLANG_WARN__DUPLICATE_METHOD_MATCH = YES;
				COPY_PHASE_STRIP = NO;
				DEBUG_INFORMATION_FORMAT = dwarf;
				ENABLE_STRICT_OBJC_MSGSEND = YES;
				ENABLE_TESTABILITY = YES;
				GCC_C_LANGUAGE_STANDARD = gnu11;
				GCC_DYNAMIC_NO_PIC = NO;
				GCC_NO_COMMON_BLOCKS = YES;
				GCC_OPTIMIZATION_LEVEL = 0;
				GCC_PREPROCESSOR_DEFINITIONS = (
					"DEBUG=1",
					"$(inherited)",
				);
				GCC_WARN_64_TO_32_BIT_CONVERSION = YES;
				GCC_WARN_ABOUT_RETURN_TYPE = YES_ERROR;
				GCC_WARN_UNDECLARED_SELECTOR = YES;
				GCC_WARN_UNINITIALIZED_AUTOS = YES_AGGRESSIVE;
				GCC_WARN_UNUSED_FUNCTION = YES;
				GCC_WARN_UNUSED_VARIABLE = YES;
				IPHONEOS_DEPLOYMENT_TARGET = 14.5;
				MTL_ENABLE_DEBUG_INFO = INCLUDE_SOURCE;
				MTL_FAST_MATH = YES;
				ONLY_ACTIVE_ARCH = YES;
				SDKROOT = iphoneos;
				SWIFT_ACTIVE_COMPILATION_CONDITIONS = DEBUG;
				SWIFT_OPTIMIZATION_LEVEL = "-Onone";
			};
			name = Debug;
		};
		D4D20547266DEF1900CDC2D6 /* Release */ = {
			isa = XCBuildConfiguration;
			buildSettings = {
				ALWAYS_SEARCH_USER_PATHS = NO;
				CLANG_ANALYZER_NONNULL = YES;
				CLANG_ANALYZER_NUMBER_OBJECT_CONVERSION = YES_AGGRESSIVE;
				CLANG_CXX_LANGUAGE_STANDARD = "gnu++14";
				CLANG_CXX_LIBRARY = "libc++";
				CLANG_ENABLE_MODULES = YES;
				CLANG_ENABLE_OBJC_ARC = YES;
				CLANG_ENABLE_OBJC_WEAK = YES;
				CLANG_WARN_BLOCK_CAPTURE_AUTORELEASING = YES;
				CLANG_WARN_BOOL_CONVERSION = YES;
				CLANG_WARN_COMMA = YES;
				CLANG_WARN_CONSTANT_CONVERSION = YES;
				CLANG_WARN_DEPRECATED_OBJC_IMPLEMENTATIONS = YES;
				CLANG_WARN_DIRECT_OBJC_ISA_USAGE = YES_ERROR;
				CLANG_WARN_DOCUMENTATION_COMMENTS = YES;
				CLANG_WARN_EMPTY_BODY = YES;
				CLANG_WARN_ENUM_CONVERSION = YES;
				CLANG_WARN_INFINITE_RECURSION = YES;
				CLANG_WARN_INT_CONVERSION = YES;
				CLANG_WARN_NON_LITERAL_NULL_CONVERSION = YES;
				CLANG_WARN_OBJC_IMPLICIT_RETAIN_SELF = YES;
				CLANG_WARN_OBJC_LITERAL_CONVERSION = YES;
				CLANG_WARN_OBJC_ROOT_CLASS = YES_ERROR;
				CLANG_WARN_QUOTED_INCLUDE_IN_FRAMEWORK_HEADER = YES;
				CLANG_WARN_RANGE_LOOP_ANALYSIS = YES;
				CLANG_WARN_STRICT_PROTOTYPES = YES;
				CLANG_WARN_SUSPICIOUS_MOVE = YES;
				CLANG_WARN_UNGUARDED_AVAILABILITY = YES_AGGRESSIVE;
				CLANG_WARN_UNREACHABLE_CODE = YES;
				CLANG_WARN__DUPLICATE_METHOD_MATCH = YES;
				COPY_PHASE_STRIP = NO;
				DEBUG_INFORMATION_FORMAT = "dwarf-with-dsym";
				ENABLE_NS_ASSERTIONS = NO;
				ENABLE_STRICT_OBJC_MSGSEND = YES;
				GCC_C_LANGUAGE_STANDARD = gnu11;
				GCC_NO_COMMON_BLOCKS = YES;
				GCC_WARN_64_TO_32_BIT_CONVERSION = YES;
				GCC_WARN_ABOUT_RETURN_TYPE = YES_ERROR;
				GCC_WARN_UNDECLARED_SELECTOR = YES;
				GCC_WARN_UNINITIALIZED_AUTOS = YES_AGGRESSIVE;
				GCC_WARN_UNUSED_FUNCTION = YES;
				GCC_WARN_UNUSED_VARIABLE = YES;
				IPHONEOS_DEPLOYMENT_TARGET = 14.5;
				MTL_ENABLE_DEBUG_INFO = NO;
				MTL_FAST_MATH = YES;
				SDKROOT = iphoneos;
				SWIFT_COMPILATION_MODE = wholemodule;
				SWIFT_OPTIMIZATION_LEVEL = "-O";
				VALIDATE_PRODUCT = YES;
			};
			name = Release;
		};
		D4D20549266DEF1900CDC2D6 /* Debug */ = {
			isa = XCBuildConfiguration;
			buildSettings = {
				ASSETCATALOG_COMPILER_APPICON_NAME = AppIcon;
				ASSETCATALOG_COMPILER_GLOBAL_ACCENT_COLOR_NAME = AccentColor;
				CODE_SIGN_ENTITLEMENTS = Rekord/Rekord.entitlements;
				CODE_SIGN_STYLE = Automatic;
				DEVELOPMENT_TEAM = 25T7L593ZA;
				INFOPLIST_FILE = Rekord/Info.plist;
				LD_RUNPATH_SEARCH_PATHS = (
					"$(inherited)",
					"@executable_path/Frameworks",
				);
				PRODUCT_BUNDLE_IDENTIFIER = maritia.com.Rekord;
				PRODUCT_NAME = "$(TARGET_NAME)";
				SWIFT_VERSION = 5.0;
				TARGETED_DEVICE_FAMILY = 1;
			};
			name = Debug;
		};
		D4D2054A266DEF1900CDC2D6 /* Release */ = {
			isa = XCBuildConfiguration;
			buildSettings = {
				ASSETCATALOG_COMPILER_APPICON_NAME = AppIcon;
				ASSETCATALOG_COMPILER_GLOBAL_ACCENT_COLOR_NAME = AccentColor;
				CODE_SIGN_ENTITLEMENTS = Rekord/Rekord.entitlements;
				CODE_SIGN_STYLE = Automatic;
				DEVELOPMENT_TEAM = 25T7L593ZA;
				INFOPLIST_FILE = Rekord/Info.plist;
				LD_RUNPATH_SEARCH_PATHS = (
					"$(inherited)",
					"@executable_path/Frameworks",
				);
				PRODUCT_BUNDLE_IDENTIFIER = maritia.com.Rekord;
				PRODUCT_NAME = "$(TARGET_NAME)";
				SWIFT_VERSION = 5.0;
				TARGETED_DEVICE_FAMILY = 1;
			};
			name = Release;
		};
/* End XCBuildConfiguration section */

/* Begin XCConfigurationList section */
		D4D2052C266DEF1800CDC2D6 /* Build configuration list for PBXProject "Rekord" */ = {
			isa = XCConfigurationList;
			buildConfigurations = (
				D4D20546266DEF1900CDC2D6 /* Debug */,
				D4D20547266DEF1900CDC2D6 /* Release */,
			);
			defaultConfigurationIsVisible = 0;
			defaultConfigurationName = Release;
		};
		D4D20548266DEF1900CDC2D6 /* Build configuration list for PBXNativeTarget "Rekord" */ = {
			isa = XCConfigurationList;
			buildConfigurations = (
				D4D20549266DEF1900CDC2D6 /* Debug */,
				D4D2054A266DEF1900CDC2D6 /* Release */,
			);
			defaultConfigurationIsVisible = 0;
			defaultConfigurationName = Release;
		};
/* End XCConfigurationList section */

/* Begin XCVersionGroup section */
		D43FEFB326AFA7D50057F616 /* Rekord.xcdatamodeld */ = {
			isa = XCVersionGroup;
			children = (
				D43FEFB426AFA7D50057F616 /* Rekord.xcdatamodel */,
			);
			currentVersion = D43FEFB426AFA7D50057F616 /* Rekord.xcdatamodel */;
			path = Rekord.xcdatamodeld;
			sourceTree = "<group>";
			versionGroupType = wrapper.xcdatamodel;
		};
/* End XCVersionGroup section */
	};
	rootObject = D4D20529266DEF1800CDC2D6 /* Project object */;
}
